
Microsoft Visual Studio Solution File, Format Version 12.00
# Visual Studio 15
VisualStudioVersion = 15.0.26403.7
MinimumVisualStudioVersion = 10.0.40219.1
Project("{FAE04EC0-301F-11D3-BF4B-00C04F79EFBC}") = "SuaveControls.MaterialButton.Shared", "SuaveControls.MaterialButton.Shared\SuaveControls.MaterialButton.Shared.csproj", "{5DF04304-964D-4ED9-A3D3-7B3212F8F9F1}"
EndProject
Project("{2150E333-8FDC-42A3-9474-1A3956D46DE8}") = "Library", "Library", "{C55156C6-DC1E-4F35-B4AE-998DED14EBAB}"
EndProject
Project("{2150E333-8FDC-42A3-9474-1A3956D46DE8}") = "Example", "Example", "{FD1A814D-D300-4580-93E3-E7DA4BDDAC4A}"
EndProject
Project("{FAE04EC0-301F-11D3-BF4B-00C04F79EFBC}") = "SuaveControls.MaterialButton.Android", "SuaveControls.MaterialButton.Android\SuaveControls.MaterialButton.Android.csproj", "{7A7137D2-8378-4585-B0C0-776B0921AB5C}"
EndProject
Project("{FAE04EC0-301F-11D3-BF4B-00C04F79EFBC}") = "SuaveControls.MaterialButton.iOS", "SuaveControls.MaterialButton.iOS\SuaveControls.MaterialButton.iOS.csproj", "{6EE451B8-C5F8-4FC7-84DB-60DB2D12116E}"
EndProject
Project("{FAE04EC0-301F-11D3-BF4B-00C04F79EFBC}") = "MaterialButtonExample", "..\Example\MaterialButtonExample\MaterialButtonExample\MaterialButtonExample.csproj", "{80CEA33C-899D-43AE-80A9-C7251AD39718}"
EndProject
Project("{FAE04EC0-301F-11D3-BF4B-00C04F79EFBC}") = "MaterialButtonExample.Android", "..\Example\MaterialButtonExample\MaterialButtonExample.Android\MaterialButtonExample.Android.csproj", "{F4DB15B4-091C-437E-80A0-20F179191DB6}"
EndProject
Project("{FAE04EC0-301F-11D3-BF4B-00C04F79EFBC}") = "MaterialButtonExample.iOS", "..\Example\MaterialButtonExample\MaterialButtonExample.iOS\MaterialButtonExample.iOS.csproj", "{1C38C999-9A93-48C7-84F2-48F6EFEE84AF}"
EndProject
Global
	GlobalSection(SolutionConfigurationPlatforms) = preSolution
		Ad-Hoc|Any CPU = Ad-Hoc|Any CPU
		Ad-Hoc|ARM = Ad-Hoc|ARM
		Ad-Hoc|iPhone = Ad-Hoc|iPhone
		Ad-Hoc|iPhoneSimulator = Ad-Hoc|iPhoneSimulator
		Ad-Hoc|x64 = Ad-Hoc|x64
		Ad-Hoc|x86 = Ad-Hoc|x86
		AppStore|Any CPU = AppStore|Any CPU
		AppStore|ARM = AppStore|ARM
		AppStore|iPhone = AppStore|iPhone
		AppStore|iPhoneSimulator = AppStore|iPhoneSimulator
		AppStore|x64 = AppStore|x64
		AppStore|x86 = AppStore|x86
		Debug|Any CPU = Debug|Any CPU
		Debug|ARM = Debug|ARM
		Debug|iPhone = Debug|iPhone
		Debug|iPhoneSimulator = Debug|iPhoneSimulator
		Debug|x64 = Debug|x64
		Debug|x86 = Debug|x86
		Release|Any CPU = Release|Any CPU
		Release|ARM = Release|ARM
		Release|iPhone = Release|iPhone
		Release|iPhoneSimulator = Release|iPhoneSimulator
		Release|x64 = Release|x64
		Release|x86 = Release|x86
	EndGlobalSection
	GlobalSection(ProjectConfigurationPlatforms) = postSolution
		{5DF04304-964D-4ED9-A3D3-7B3212F8F9F1}.Ad-Hoc|Any CPU.ActiveCfg = Release|Any CPU
		{5DF04304-964D-4ED9-A3D3-7B3212F8F9F1}.Ad-Hoc|Any CPU.Build.0 = Release|Any CPU
		{5DF04304-964D-4ED9-A3D3-7B3212F8F9F1}.Ad-Hoc|ARM.ActiveCfg = Release|Any CPU
		{5DF04304-964D-4ED9-A3D3-7B3212F8F9F1}.Ad-Hoc|ARM.Build.0 = Release|Any CPU
		{5DF04304-964D-4ED9-A3D3-7B3212F8F9F1}.Ad-Hoc|iPhone.ActiveCfg = Release|Any CPU
		{5DF04304-964D-4ED9-A3D3-7B3212F8F9F1}.Ad-Hoc|iPhone.Build.0 = Release|Any CPU
		{5DF04304-964D-4ED9-A3D3-7B3212F8F9F1}.Ad-Hoc|iPhoneSimulator.ActiveCfg = Release|Any CPU
		{5DF04304-964D-4ED9-A3D3-7B3212F8F9F1}.Ad-Hoc|iPhoneSimulator.Build.0 = Release|Any CPU
		{5DF04304-964D-4ED9-A3D3-7B3212F8F9F1}.Ad-Hoc|x64.ActiveCfg = Release|Any CPU
		{5DF04304-964D-4ED9-A3D3-7B3212F8F9F1}.Ad-Hoc|x64.Build.0 = Release|Any CPU
		{5DF04304-964D-4ED9-A3D3-7B3212F8F9F1}.Ad-Hoc|x86.ActiveCfg = Release|Any CPU
		{5DF04304-964D-4ED9-A3D3-7B3212F8F9F1}.Ad-Hoc|x86.Build.0 = Release|Any CPU
		{5DF04304-964D-4ED9-A3D3-7B3212F8F9F1}.AppStore|Any CPU.ActiveCfg = Release|Any CPU
		{5DF04304-964D-4ED9-A3D3-7B3212F8F9F1}.AppStore|Any CPU.Build.0 = Release|Any CPU
		{5DF04304-964D-4ED9-A3D3-7B3212F8F9F1}.AppStore|ARM.ActiveCfg = Release|Any CPU
		{5DF04304-964D-4ED9-A3D3-7B3212F8F9F1}.AppStore|ARM.Build.0 = Release|Any CPU
		{5DF04304-964D-4ED9-A3D3-7B3212F8F9F1}.AppStore|iPhone.ActiveCfg = Release|Any CPU
		{5DF04304-964D-4ED9-A3D3-7B3212F8F9F1}.AppStore|iPhone.Build.0 = Release|Any CPU
		{5DF04304-964D-4ED9-A3D3-7B3212F8F9F1}.AppStore|iPhoneSimulator.ActiveCfg = Release|Any CPU
		{5DF04304-964D-4ED9-A3D3-7B3212F8F9F1}.AppStore|iPhoneSimulator.Build.0 = Release|Any CPU
		{5DF04304-964D-4ED9-A3D3-7B3212F8F9F1}.AppStore|x64.ActiveCfg = Release|Any CPU
		{5DF04304-964D-4ED9-A3D3-7B3212F8F9F1}.AppStore|x64.Build.0 = Release|Any CPU
		{5DF04304-964D-4ED9-A3D3-7B3212F8F9F1}.AppStore|x86.ActiveCfg = Release|Any CPU
		{5DF04304-964D-4ED9-A3D3-7B3212F8F9F1}.AppStore|x86.Build.0 = Release|Any CPU
		{5DF04304-964D-4ED9-A3D3-7B3212F8F9F1}.Debug|Any CPU.ActiveCfg = Debug|Any CPU
		{5DF04304-964D-4ED9-A3D3-7B3212F8F9F1}.Debug|Any CPU.Build.0 = Debug|Any CPU
		{5DF04304-964D-4ED9-A3D3-7B3212F8F9F1}.Debug|ARM.ActiveCfg = Debug|Any CPU
		{5DF04304-964D-4ED9-A3D3-7B3212F8F9F1}.Debug|ARM.Build.0 = Debug|Any CPU
		{5DF04304-964D-4ED9-A3D3-7B3212F8F9F1}.Debug|iPhone.ActiveCfg = Debug|Any CPU
		{5DF04304-964D-4ED9-A3D3-7B3212F8F9F1}.Debug|iPhone.Build.0 = Debug|Any CPU
		{5DF04304-964D-4ED9-A3D3-7B3212F8F9F1}.Debug|iPhoneSimulator.ActiveCfg = Debug|Any CPU
		{5DF04304-964D-4ED9-A3D3-7B3212F8F9F1}.Debug|iPhoneSimulator.Build.0 = Debug|Any CPU
		{5DF04304-964D-4ED9-A3D3-7B3212F8F9F1}.Debug|x64.ActiveCfg = Debug|Any CPU
		{5DF04304-964D-4ED9-A3D3-7B3212F8F9F1}.Debug|x64.Build.0 = Debug|Any CPU
		{5DF04304-964D-4ED9-A3D3-7B3212F8F9F1}.Debug|x86.ActiveCfg = Debug|Any CPU
		{5DF04304-964D-4ED9-A3D3-7B3212F8F9F1}.Debug|x86.Build.0 = Debug|Any CPU
		{5DF04304-964D-4ED9-A3D3-7B3212F8F9F1}.Release|Any CPU.ActiveCfg = Release|Any CPU
		{5DF04304-964D-4ED9-A3D3-7B3212F8F9F1}.Release|Any CPU.Build.0 = Release|Any CPU
		{5DF04304-964D-4ED9-A3D3-7B3212F8F9F1}.Release|ARM.ActiveCfg = Release|Any CPU
		{5DF04304-964D-4ED9-A3D3-7B3212F8F9F1}.Release|ARM.Build.0 = Release|Any CPU
		{5DF04304-964D-4ED9-A3D3-7B3212F8F9F1}.Release|iPhone.ActiveCfg = Release|Any CPU
		{5DF04304-964D-4ED9-A3D3-7B3212F8F9F1}.Release|iPhone.Build.0 = Release|Any CPU
		{5DF04304-964D-4ED9-A3D3-7B3212F8F9F1}.Release|iPhoneSimulator.ActiveCfg = Release|Any CPU
		{5DF04304-964D-4ED9-A3D3-7B3212F8F9F1}.Release|iPhoneSimulator.Build.0 = Release|Any CPU
		{5DF04304-964D-4ED9-A3D3-7B3212F8F9F1}.Release|x64.ActiveCfg = Release|Any CPU
		{5DF04304-964D-4ED9-A3D3-7B3212F8F9F1}.Release|x64.Build.0 = Release|Any CPU
		{5DF04304-964D-4ED9-A3D3-7B3212F8F9F1}.Release|x86.ActiveCfg = Release|Any CPU
		{5DF04304-964D-4ED9-A3D3-7B3212F8F9F1}.Release|x86.Build.0 = Release|Any CPU
		{7A7137D2-8378-4585-B0C0-776B0921AB5C}.Ad-Hoc|Any CPU.ActiveCfg = Release|Any CPU
		{7A7137D2-8378-4585-B0C0-776B0921AB5C}.Ad-Hoc|Any CPU.Build.0 = Release|Any CPU
		{7A7137D2-8378-4585-B0C0-776B0921AB5C}.Ad-Hoc|ARM.ActiveCfg = Release|Any CPU
		{7A7137D2-8378-4585-B0C0-776B0921AB5C}.Ad-Hoc|ARM.Build.0 = Release|Any CPU
		{7A7137D2-8378-4585-B0C0-776B0921AB5C}.Ad-Hoc|iPhone.ActiveCfg = Release|Any CPU
		{7A7137D2-8378-4585-B0C0-776B0921AB5C}.Ad-Hoc|iPhone.Build.0 = Release|Any CPU
		{7A7137D2-8378-4585-B0C0-776B0921AB5C}.Ad-Hoc|iPhoneSimulator.ActiveCfg = Release|Any CPU
		{7A7137D2-8378-4585-B0C0-776B0921AB5C}.Ad-Hoc|iPhoneSimulator.Build.0 = Release|Any CPU
		{7A7137D2-8378-4585-B0C0-776B0921AB5C}.Ad-Hoc|x64.ActiveCfg = Release|Any CPU
		{7A7137D2-8378-4585-B0C0-776B0921AB5C}.Ad-Hoc|x64.Build.0 = Release|Any CPU
		{7A7137D2-8378-4585-B0C0-776B0921AB5C}.Ad-Hoc|x86.ActiveCfg = Release|Any CPU
		{7A7137D2-8378-4585-B0C0-776B0921AB5C}.Ad-Hoc|x86.Build.0 = Release|Any CPU
		{7A7137D2-8378-4585-B0C0-776B0921AB5C}.AppStore|Any CPU.ActiveCfg = Release|Any CPU
		{7A7137D2-8378-4585-B0C0-776B0921AB5C}.AppStore|Any CPU.Build.0 = Release|Any CPU
		{7A7137D2-8378-4585-B0C0-776B0921AB5C}.AppStore|ARM.ActiveCfg = Release|Any CPU
		{7A7137D2-8378-4585-B0C0-776B0921AB5C}.AppStore|ARM.Build.0 = Release|Any CPU
		{7A7137D2-8378-4585-B0C0-776B0921AB5C}.AppStore|iPhone.ActiveCfg = Release|Any CPU
		{7A7137D2-8378-4585-B0C0-776B0921AB5C}.AppStore|iPhone.Build.0 = Release|Any CPU
		{7A7137D2-8378-4585-B0C0-776B0921AB5C}.AppStore|iPhoneSimulator.ActiveCfg = Release|Any CPU
		{7A7137D2-8378-4585-B0C0-776B0921AB5C}.AppStore|iPhoneSimulator.Build.0 = Release|Any CPU
		{7A7137D2-8378-4585-B0C0-776B0921AB5C}.AppStore|x64.ActiveCfg = Release|Any CPU
		{7A7137D2-8378-4585-B0C0-776B0921AB5C}.AppStore|x64.Build.0 = Release|Any CPU
		{7A7137D2-8378-4585-B0C0-776B0921AB5C}.AppStore|x86.ActiveCfg = Release|Any CPU
		{7A7137D2-8378-4585-B0C0-776B0921AB5C}.AppStore|x86.Build.0 = Release|Any CPU
		{7A7137D2-8378-4585-B0C0-776B0921AB5C}.Debug|Any CPU.ActiveCfg = Debug|Any CPU
		{7A7137D2-8378-4585-B0C0-776B0921AB5C}.Debug|Any CPU.Build.0 = Debug|Any CPU
		{7A7137D2-8378-4585-B0C0-776B0921AB5C}.Debug|ARM.ActiveCfg = Debug|Any CPU
		{7A7137D2-8378-4585-B0C0-776B0921AB5C}.Debug|ARM.Build.0 = Debug|Any CPU
		{7A7137D2-8378-4585-B0C0-776B0921AB5C}.Debug|iPhone.ActiveCfg = Debug|Any CPU
		{7A7137D2-8378-4585-B0C0-776B0921AB5C}.Debug|iPhone.Build.0 = Debug|Any CPU
		{7A7137D2-8378-4585-B0C0-776B0921AB5C}.Debug|iPhoneSimulator.ActiveCfg = Debug|Any CPU
		{7A7137D2-8378-4585-B0C0-776B0921AB5C}.Debug|iPhoneSimulator.Build.0 = Debug|Any CPU
		{7A7137D2-8378-4585-B0C0-776B0921AB5C}.Debug|x64.ActiveCfg = Debug|Any CPU
		{7A7137D2-8378-4585-B0C0-776B0921AB5C}.Debug|x64.Build.0 = Debug|Any CPU
		{7A7137D2-8378-4585-B0C0-776B0921AB5C}.Debug|x86.ActiveCfg = Debug|Any CPU
		{7A7137D2-8378-4585-B0C0-776B0921AB5C}.Debug|x86.Build.0 = Debug|Any CPU
		{7A7137D2-8378-4585-B0C0-776B0921AB5C}.Release|Any CPU.ActiveCfg = Release|Any CPU
		{7A7137D2-8378-4585-B0C0-776B0921AB5C}.Release|Any CPU.Build.0 = Release|Any CPU
		{7A7137D2-8378-4585-B0C0-776B0921AB5C}.Release|ARM.ActiveCfg = Release|Any CPU
		{7A7137D2-8378-4585-B0C0-776B0921AB5C}.Release|ARM.Build.0 = Release|Any CPU
		{7A7137D2-8378-4585-B0C0-776B0921AB5C}.Release|iPhone.ActiveCfg = Release|Any CPU
		{7A7137D2-8378-4585-B0C0-776B0921AB5C}.Release|iPhone.Build.0 = Release|Any CPU
		{7A7137D2-8378-4585-B0C0-776B0921AB5C}.Release|iPhoneSimulator.ActiveCfg = Release|Any CPU
		{7A7137D2-8378-4585-B0C0-776B0921AB5C}.Release|iPhoneSimulator.Build.0 = Release|Any CPU
		{7A7137D2-8378-4585-B0C0-776B0921AB5C}.Release|x64.ActiveCfg = Release|Any CPU
		{7A7137D2-8378-4585-B0C0-776B0921AB5C}.Release|x64.Build.0 = Release|Any CPU
		{7A7137D2-8378-4585-B0C0-776B0921AB5C}.Release|x86.ActiveCfg = Release|Any CPU
		{7A7137D2-8378-4585-B0C0-776B0921AB5C}.Release|x86.Build.0 = Release|Any CPU
		{6EE451B8-C5F8-4FC7-84DB-60DB2D12116E}.Ad-Hoc|Any CPU.ActiveCfg = Release|Any CPU
		{6EE451B8-C5F8-4FC7-84DB-60DB2D12116E}.Ad-Hoc|Any CPU.Build.0 = Release|Any CPU
		{6EE451B8-C5F8-4FC7-84DB-60DB2D12116E}.Ad-Hoc|ARM.ActiveCfg = Release|Any CPU
		{6EE451B8-C5F8-4FC7-84DB-60DB2D12116E}.Ad-Hoc|ARM.Build.0 = Release|Any CPU
		{6EE451B8-C5F8-4FC7-84DB-60DB2D12116E}.Ad-Hoc|iPhone.ActiveCfg = Release|Any CPU
		{6EE451B8-C5F8-4FC7-84DB-60DB2D12116E}.Ad-Hoc|iPhone.Build.0 = Release|Any CPU
		{6EE451B8-C5F8-4FC7-84DB-60DB2D12116E}.Ad-Hoc|iPhoneSimulator.ActiveCfg = Release|Any CPU
		{6EE451B8-C5F8-4FC7-84DB-60DB2D12116E}.Ad-Hoc|iPhoneSimulator.Build.0 = Release|Any CPU
		{6EE451B8-C5F8-4FC7-84DB-60DB2D12116E}.Ad-Hoc|x64.ActiveCfg = Release|Any CPU
		{6EE451B8-C5F8-4FC7-84DB-60DB2D12116E}.Ad-Hoc|x64.Build.0 = Release|Any CPU
		{6EE451B8-C5F8-4FC7-84DB-60DB2D12116E}.Ad-Hoc|x86.ActiveCfg = Release|Any CPU
		{6EE451B8-C5F8-4FC7-84DB-60DB2D12116E}.Ad-Hoc|x86.Build.0 = Release|Any CPU
		{6EE451B8-C5F8-4FC7-84DB-60DB2D12116E}.AppStore|Any CPU.ActiveCfg = Release|Any CPU
		{6EE451B8-C5F8-4FC7-84DB-60DB2D12116E}.AppStore|Any CPU.Build.0 = Release|Any CPU
		{6EE451B8-C5F8-4FC7-84DB-60DB2D12116E}.AppStore|ARM.ActiveCfg = Release|Any CPU
		{6EE451B8-C5F8-4FC7-84DB-60DB2D12116E}.AppStore|ARM.Build.0 = Release|Any CPU
		{6EE451B8-C5F8-4FC7-84DB-60DB2D12116E}.AppStore|iPhone.ActiveCfg = Release|Any CPU
		{6EE451B8-C5F8-4FC7-84DB-60DB2D12116E}.AppStore|iPhone.Build.0 = Release|Any CPU
		{6EE451B8-C5F8-4FC7-84DB-60DB2D12116E}.AppStore|iPhoneSimulator.ActiveCfg = Release|Any CPU
		{6EE451B8-C5F8-4FC7-84DB-60DB2D12116E}.AppStore|iPhoneSimulator.Build.0 = Release|Any CPU
		{6EE451B8-C5F8-4FC7-84DB-60DB2D12116E}.AppStore|x64.ActiveCfg = Release|Any CPU
		{6EE451B8-C5F8-4FC7-84DB-60DB2D12116E}.AppStore|x64.Build.0 = Release|Any CPU
		{6EE451B8-C5F8-4FC7-84DB-60DB2D12116E}.AppStore|x86.ActiveCfg = Release|Any CPU
		{6EE451B8-C5F8-4FC7-84DB-60DB2D12116E}.AppStore|x86.Build.0 = Release|Any CPU
		{6EE451B8-C5F8-4FC7-84DB-60DB2D12116E}.Debug|Any CPU.ActiveCfg = Debug|Any CPU
		{6EE451B8-C5F8-4FC7-84DB-60DB2D12116E}.Debug|Any CPU.Build.0 = Debug|Any CPU
		{6EE451B8-C5F8-4FC7-84DB-60DB2D12116E}.Debug|ARM.ActiveCfg = Debug|Any CPU
		{6EE451B8-C5F8-4FC7-84DB-60DB2D12116E}.Debug|ARM.Build.0 = Debug|Any CPU
		{6EE451B8-C5F8-4FC7-84DB-60DB2D12116E}.Debug|iPhone.ActiveCfg = Debug|Any CPU
		{6EE451B8-C5F8-4FC7-84DB-60DB2D12116E}.Debug|iPhone.Build.0 = Debug|Any CPU
		{6EE451B8-C5F8-4FC7-84DB-60DB2D12116E}.Debug|iPhoneSimulator.ActiveCfg = Debug|Any CPU
		{6EE451B8-C5F8-4FC7-84DB-60DB2D12116E}.Debug|iPhoneSimulator.Build.0 = Debug|Any CPU
		{6EE451B8-C5F8-4FC7-84DB-60DB2D12116E}.Debug|x64.ActiveCfg = Debug|Any CPU
		{6EE451B8-C5F8-4FC7-84DB-60DB2D12116E}.Debug|x64.Build.0 = Debug|Any CPU
		{6EE451B8-C5F8-4FC7-84DB-60DB2D12116E}.Debug|x86.ActiveCfg = Debug|Any CPU
		{6EE451B8-C5F8-4FC7-84DB-60DB2D12116E}.Debug|x86.Build.0 = Debug|Any CPU
		{6EE451B8-C5F8-4FC7-84DB-60DB2D12116E}.Release|Any CPU.ActiveCfg = Release|Any CPU
		{6EE451B8-C5F8-4FC7-84DB-60DB2D12116E}.Release|Any CPU.Build.0 = Release|Any CPU
		{6EE451B8-C5F8-4FC7-84DB-60DB2D12116E}.Release|ARM.ActiveCfg = Release|Any CPU
		{6EE451B8-C5F8-4FC7-84DB-60DB2D12116E}.Release|ARM.Build.0 = Release|Any CPU
		{6EE451B8-C5F8-4FC7-84DB-60DB2D12116E}.Release|iPhone.ActiveCfg = Release|Any CPU
		{6EE451B8-C5F8-4FC7-84DB-60DB2D12116E}.Release|iPhone.Build.0 = Release|Any CPU
		{6EE451B8-C5F8-4FC7-84DB-60DB2D12116E}.Release|iPhoneSimulator.ActiveCfg = Release|Any CPU
		{6EE451B8-C5F8-4FC7-84DB-60DB2D12116E}.Release|iPhoneSimulator.Build.0 = Release|Any CPU
		{6EE451B8-C5F8-4FC7-84DB-60DB2D12116E}.Release|x64.ActiveCfg = Release|Any CPU
		{6EE451B8-C5F8-4FC7-84DB-60DB2D12116E}.Release|x64.Build.0 = Release|Any CPU
		{6EE451B8-C5F8-4FC7-84DB-60DB2D12116E}.Release|x86.ActiveCfg = Release|Any CPU
		{6EE451B8-C5F8-4FC7-84DB-60DB2D12116E}.Release|x86.Build.0 = Release|Any CPU
		{80CEA33C-899D-43AE-80A9-C7251AD39718}.Ad-Hoc|Any CPU.ActiveCfg = Release|Any CPU
		{80CEA33C-899D-43AE-80A9-C7251AD39718}.Ad-Hoc|Any CPU.Build.0 = Release|Any CPU
		{80CEA33C-899D-43AE-80A9-C7251AD39718}.Ad-Hoc|ARM.ActiveCfg = Release|Any CPU
		{80CEA33C-899D-43AE-80A9-C7251AD39718}.Ad-Hoc|ARM.Build.0 = Release|Any CPU
		{80CEA33C-899D-43AE-80A9-C7251AD39718}.Ad-Hoc|iPhone.ActiveCfg = Release|Any CPU
		{80CEA33C-899D-43AE-80A9-C7251AD39718}.Ad-Hoc|iPhone.Build.0 = Release|Any CPU
		{80CEA33C-899D-43AE-80A9-C7251AD39718}.Ad-Hoc|iPhoneSimulator.ActiveCfg = Release|Any CPU
		{80CEA33C-899D-43AE-80A9-C7251AD39718}.Ad-Hoc|iPhoneSimulator.Build.0 = Release|Any CPU
		{80CEA33C-899D-43AE-80A9-C7251AD39718}.Ad-Hoc|x64.ActiveCfg = Release|Any CPU
		{80CEA33C-899D-43AE-80A9-C7251AD39718}.Ad-Hoc|x64.Build.0 = Release|Any CPU
		{80CEA33C-899D-43AE-80A9-C7251AD39718}.Ad-Hoc|x86.ActiveCfg = Release|Any CPU
		{80CEA33C-899D-43AE-80A9-C7251AD39718}.Ad-Hoc|x86.Build.0 = Release|Any CPU
		{80CEA33C-899D-43AE-80A9-C7251AD39718}.AppStore|Any CPU.ActiveCfg = Release|Any CPU
		{80CEA33C-899D-43AE-80A9-C7251AD39718}.AppStore|Any CPU.Build.0 = Release|Any CPU
		{80CEA33C-899D-43AE-80A9-C7251AD39718}.AppStore|ARM.ActiveCfg = Release|Any CPU
		{80CEA33C-899D-43AE-80A9-C7251AD39718}.AppStore|ARM.Build.0 = Release|Any CPU
		{80CEA33C-899D-43AE-80A9-C7251AD39718}.AppStore|iPhone.ActiveCfg = Release|Any CPU
		{80CEA33C-899D-43AE-80A9-C7251AD39718}.AppStore|iPhone.Build.0 = Release|Any CPU
		{80CEA33C-899D-43AE-80A9-C7251AD39718}.AppStore|iPhoneSimulator.ActiveCfg = Release|Any CPU
		{80CEA33C-899D-43AE-80A9-C7251AD39718}.AppStore|iPhoneSimulator.Build.0 = Release|Any CPU
		{80CEA33C-899D-43AE-80A9-C7251AD39718}.AppStore|x64.ActiveCfg = Release|Any CPU
		{80CEA33C-899D-43AE-80A9-C7251AD39718}.AppStore|x64.Build.0 = Release|Any CPU
		{80CEA33C-899D-43AE-80A9-C7251AD39718}.AppStore|x86.ActiveCfg = Release|Any CPU
		{80CEA33C-899D-43AE-80A9-C7251AD39718}.AppStore|x86.Build.0 = Release|Any CPU
		{80CEA33C-899D-43AE-80A9-C7251AD39718}.Debug|Any CPU.ActiveCfg = Debug|Any CPU
		{80CEA33C-899D-43AE-80A9-C7251AD39718}.Debug|Any CPU.Build.0 = Debug|Any CPU
		{80CEA33C-899D-43AE-80A9-C7251AD39718}.Debug|ARM.ActiveCfg = Debug|Any CPU
		{80CEA33C-899D-43AE-80A9-C7251AD39718}.Debug|ARM.Build.0 = Debug|Any CPU
		{80CEA33C-899D-43AE-80A9-C7251AD39718}.Debug|iPhone.ActiveCfg = Debug|Any CPU
		{80CEA33C-899D-43AE-80A9-C7251AD39718}.Debug|iPhone.Build.0 = Debug|Any CPU
		{80CEA33C-899D-43AE-80A9-C7251AD39718}.Debug|iPhoneSimulator.ActiveCfg = Debug|Any CPU
		{80CEA33C-899D-43AE-80A9-C7251AD39718}.Debug|iPhoneSimulator.Build.0 = Debug|Any CPU
		{80CEA33C-899D-43AE-80A9-C7251AD39718}.Debug|x64.ActiveCfg = Debug|Any CPU
		{80CEA33C-899D-43AE-80A9-C7251AD39718}.Debug|x64.Build.0 = Debug|Any CPU
		{80CEA33C-899D-43AE-80A9-C7251AD39718}.Debug|x86.ActiveCfg = Debug|Any CPU
		{80CEA33C-899D-43AE-80A9-C7251AD39718}.Debug|x86.Build.0 = Debug|Any CPU
		{80CEA33C-899D-43AE-80A9-C7251AD39718}.Release|Any CPU.ActiveCfg = Release|Any CPU
		{80CEA33C-899D-43AE-80A9-C7251AD39718}.Release|Any CPU.Build.0 = Release|Any CPU
		{80CEA33C-899D-43AE-80A9-C7251AD39718}.Release|ARM.ActiveCfg = Release|Any CPU
		{80CEA33C-899D-43AE-80A9-C7251AD39718}.Release|ARM.Build.0 = Release|Any CPU
		{80CEA33C-899D-43AE-80A9-C7251AD39718}.Release|iPhone.ActiveCfg = Release|Any CPU
		{80CEA33C-899D-43AE-80A9-C7251AD39718}.Release|iPhone.Build.0 = Release|Any CPU
		{80CEA33C-899D-43AE-80A9-C7251AD39718}.Release|iPhoneSimulator.ActiveCfg = Release|Any CPU
		{80CEA33C-899D-43AE-80A9-C7251AD39718}.Release|iPhoneSimulator.Build.0 = Release|Any CPU
		{80CEA33C-899D-43AE-80A9-C7251AD39718}.Release|x64.ActiveCfg = Release|Any CPU
		{80CEA33C-899D-43AE-80A9-C7251AD39718}.Release|x64.Build.0 = Release|Any CPU
		{80CEA33C-899D-43AE-80A9-C7251AD39718}.Release|x86.ActiveCfg = Release|Any CPU
		{80CEA33C-899D-43AE-80A9-C7251AD39718}.Release|x86.Build.0 = Release|Any CPU
		{F4DB15B4-091C-437E-80A0-20F179191DB6}.Ad-Hoc|Any CPU.ActiveCfg = Release|Any CPU
		{F4DB15B4-091C-437E-80A0-20F179191DB6}.Ad-Hoc|Any CPU.Build.0 = Release|Any CPU
		{F4DB15B4-091C-437E-80A0-20F179191DB6}.Ad-Hoc|Any CPU.Deploy.0 = Release|Any CPU
		{F4DB15B4-091C-437E-80A0-20F179191DB6}.Ad-Hoc|ARM.ActiveCfg = Release|Any CPU
		{F4DB15B4-091C-437E-80A0-20F179191DB6}.Ad-Hoc|ARM.Build.0 = Release|Any CPU
		{F4DB15B4-091C-437E-80A0-20F179191DB6}.Ad-Hoc|ARM.Deploy.0 = Release|Any CPU
		{F4DB15B4-091C-437E-80A0-20F179191DB6}.Ad-Hoc|iPhone.ActiveCfg = Release|Any CPU
		{F4DB15B4-091C-437E-80A0-20F179191DB6}.Ad-Hoc|iPhone.Build.0 = Release|Any CPU
		{F4DB15B4-091C-437E-80A0-20F179191DB6}.Ad-Hoc|iPhone.Deploy.0 = Release|Any CPU
		{F4DB15B4-091C-437E-80A0-20F179191DB6}.Ad-Hoc|iPhoneSimulator.ActiveCfg = Release|Any CPU
		{F4DB15B4-091C-437E-80A0-20F179191DB6}.Ad-Hoc|iPhoneSimulator.Build.0 = Release|Any CPU
		{F4DB15B4-091C-437E-80A0-20F179191DB6}.Ad-Hoc|iPhoneSimulator.Deploy.0 = Release|Any CPU
		{F4DB15B4-091C-437E-80A0-20F179191DB6}.Ad-Hoc|x64.ActiveCfg = Release|Any CPU
		{F4DB15B4-091C-437E-80A0-20F179191DB6}.Ad-Hoc|x64.Build.0 = Release|Any CPU
		{F4DB15B4-091C-437E-80A0-20F179191DB6}.Ad-Hoc|x64.Deploy.0 = Release|Any CPU
		{F4DB15B4-091C-437E-80A0-20F179191DB6}.Ad-Hoc|x86.ActiveCfg = Release|Any CPU
		{F4DB15B4-091C-437E-80A0-20F179191DB6}.Ad-Hoc|x86.Build.0 = Release|Any CPU
		{F4DB15B4-091C-437E-80A0-20F179191DB6}.Ad-Hoc|x86.Deploy.0 = Release|Any CPU
		{F4DB15B4-091C-437E-80A0-20F179191DB6}.AppStore|Any CPU.ActiveCfg = Release|Any CPU
		{F4DB15B4-091C-437E-80A0-20F179191DB6}.AppStore|Any CPU.Build.0 = Release|Any CPU
		{F4DB15B4-091C-437E-80A0-20F179191DB6}.AppStore|Any CPU.Deploy.0 = Release|Any CPU
		{F4DB15B4-091C-437E-80A0-20F179191DB6}.AppStore|ARM.ActiveCfg = Release|Any CPU
		{F4DB15B4-091C-437E-80A0-20F179191DB6}.AppStore|ARM.Build.0 = Release|Any CPU
		{F4DB15B4-091C-437E-80A0-20F179191DB6}.AppStore|ARM.Deploy.0 = Release|Any CPU
		{F4DB15B4-091C-437E-80A0-20F179191DB6}.AppStore|iPhone.ActiveCfg = Release|Any CPU
		{F4DB15B4-091C-437E-80A0-20F179191DB6}.AppStore|iPhone.Build.0 = Release|Any CPU
		{F4DB15B4-091C-437E-80A0-20F179191DB6}.AppStore|iPhone.Deploy.0 = Release|Any CPU
		{F4DB15B4-091C-437E-80A0-20F179191DB6}.AppStore|iPhoneSimulator.ActiveCfg = Release|Any CPU
		{F4DB15B4-091C-437E-80A0-20F179191DB6}.AppStore|iPhoneSimulator.Build.0 = Release|Any CPU
		{F4DB15B4-091C-437E-80A0-20F179191DB6}.AppStore|iPhoneSimulator.Deploy.0 = Release|Any CPU
		{F4DB15B4-091C-437E-80A0-20F179191DB6}.AppStore|x64.ActiveCfg = Release|Any CPU
		{F4DB15B4-091C-437E-80A0-20F179191DB6}.AppStore|x64.Build.0 = Release|Any CPU
		{F4DB15B4-091C-437E-80A0-20F179191DB6}.AppStore|x64.Deploy.0 = Release|Any CPU
		{F4DB15B4-091C-437E-80A0-20F179191DB6}.AppStore|x86.ActiveCfg = Release|Any CPU
		{F4DB15B4-091C-437E-80A0-20F179191DB6}.AppStore|x86.Build.0 = Release|Any CPU
		{F4DB15B4-091C-437E-80A0-20F179191DB6}.AppStore|x86.Deploy.0 = Release|Any CPU
		{F4DB15B4-091C-437E-80A0-20F179191DB6}.Debug|Any CPU.ActiveCfg = Debug|Any CPU
		{F4DB15B4-091C-437E-80A0-20F179191DB6}.Debug|Any CPU.Build.0 = Debug|Any CPU
		{F4DB15B4-091C-437E-80A0-20F179191DB6}.Debug|Any CPU.Deploy.0 = Debug|Any CPU
		{F4DB15B4-091C-437E-80A0-20F179191DB6}.Debug|ARM.ActiveCfg = Debug|Any CPU
		{F4DB15B4-091C-437E-80A0-20F179191DB6}.Debug|ARM.Build.0 = Debug|Any CPU
		{F4DB15B4-091C-437E-80A0-20F179191DB6}.Debug|ARM.Deploy.0 = Debug|Any CPU
		{F4DB15B4-091C-437E-80A0-20F179191DB6}.Debug|iPhone.ActiveCfg = Debug|Any CPU
		{F4DB15B4-091C-437E-80A0-20F179191DB6}.Debug|iPhone.Build.0 = Debug|Any CPU
		{F4DB15B4-091C-437E-80A0-20F179191DB6}.Debug|iPhone.Deploy.0 = Debug|Any CPU
		{F4DB15B4-091C-437E-80A0-20F179191DB6}.Debug|iPhoneSimulator.ActiveCfg = Debug|Any CPU
		{F4DB15B4-091C-437E-80A0-20F179191DB6}.Debug|iPhoneSimulator.Build.0 = Debug|Any CPU
		{F4DB15B4-091C-437E-80A0-20F179191DB6}.Debug|iPhoneSimulator.Deploy.0 = Debug|Any CPU
		{F4DB15B4-091C-437E-80A0-20F179191DB6}.Debug|x64.ActiveCfg = Debug|Any CPU
		{F4DB15B4-091C-437E-80A0-20F179191DB6}.Debug|x64.Build.0 = Debug|Any CPU
		{F4DB15B4-091C-437E-80A0-20F179191DB6}.Debug|x64.Deploy.0 = Debug|Any CPU
		{F4DB15B4-091C-437E-80A0-20F179191DB6}.Debug|x86.ActiveCfg = Debug|Any CPU
		{F4DB15B4-091C-437E-80A0-20F179191DB6}.Debug|x86.Build.0 = Debug|Any CPU
		{F4DB15B4-091C-437E-80A0-20F179191DB6}.Debug|x86.Deploy.0 = Debug|Any CPU
		{F4DB15B4-091C-437E-80A0-20F179191DB6}.Release|Any CPU.ActiveCfg = Release|Any CPU
		{F4DB15B4-091C-437E-80A0-20F179191DB6}.Release|Any CPU.Build.0 = Release|Any CPU
		{F4DB15B4-091C-437E-80A0-20F179191DB6}.Release|Any CPU.Deploy.0 = Release|Any CPU
		{F4DB15B4-091C-437E-80A0-20F179191DB6}.Release|ARM.ActiveCfg = Release|Any CPU
		{F4DB15B4-091C-437E-80A0-20F179191DB6}.Release|ARM.Build.0 = Release|Any CPU
		{F4DB15B4-091C-437E-80A0-20F179191DB6}.Release|ARM.Deploy.0 = Release|Any CPU
		{F4DB15B4-091C-437E-80A0-20F179191DB6}.Release|iPhone.ActiveCfg = Release|Any CPU
		{F4DB15B4-091C-437E-80A0-20F179191DB6}.Release|iPhone.Build.0 = Release|Any CPU
		{F4DB15B4-091C-437E-80A0-20F179191DB6}.Release|iPhone.Deploy.0 = Release|Any CPU
		{F4DB15B4-091C-437E-80A0-20F179191DB6}.Release|iPhoneSimulator.ActiveCfg = Release|Any CPU
		{F4DB15B4-091C-437E-80A0-20F179191DB6}.Release|iPhoneSimulator.Build.0 = Release|Any CPU
		{F4DB15B4-091C-437E-80A0-20F179191DB6}.Release|iPhoneSimulator.Deploy.0 = Release|Any CPU
		{F4DB15B4-091C-437E-80A0-20F179191DB6}.Release|x64.ActiveCfg = Release|Any CPU
		{F4DB15B4-091C-437E-80A0-20F179191DB6}.Release|x64.Build.0 = Release|Any CPU
		{F4DB15B4-091C-437E-80A0-20F179191DB6}.Release|x64.Deploy.0 = Release|Any CPU
		{F4DB15B4-091C-437E-80A0-20F179191DB6}.Release|x86.ActiveCfg = Release|Any CPU
		{F4DB15B4-091C-437E-80A0-20F179191DB6}.Release|x86.Build.0 = Release|Any CPU
		{F4DB15B4-091C-437E-80A0-20F179191DB6}.Release|x86.Deploy.0 = Release|Any CPU
		{1C38C999-9A93-48C7-84F2-48F6EFEE84AF}.Ad-Hoc|Any CPU.ActiveCfg = Ad-Hoc|iPhone
		{1C38C999-9A93-48C7-84F2-48F6EFEE84AF}.Ad-Hoc|ARM.ActiveCfg = Ad-Hoc|iPhone
		{1C38C999-9A93-48C7-84F2-48F6EFEE84AF}.Ad-Hoc|iPhone.ActiveCfg = Ad-Hoc|iPhone
		{1C38C999-9A93-48C7-84F2-48F6EFEE84AF}.Ad-Hoc|iPhone.Build.0 = Ad-Hoc|iPhone
		{1C38C999-9A93-48C7-84F2-48F6EFEE84AF}.Ad-Hoc|iPhoneSimulator.ActiveCfg = Ad-Hoc|iPhoneSimulator
		{1C38C999-9A93-48C7-84F2-48F6EFEE84AF}.Ad-Hoc|iPhoneSimulator.Build.0 = Ad-Hoc|iPhoneSimulator
		{1C38C999-9A93-48C7-84F2-48F6EFEE84AF}.Ad-Hoc|x64.ActiveCfg = Ad-Hoc|iPhone
		{1C38C999-9A93-48C7-84F2-48F6EFEE84AF}.Ad-Hoc|x86.ActiveCfg = Ad-Hoc|iPhone
		{1C38C999-9A93-48C7-84F2-48F6EFEE84AF}.AppStore|Any CPU.ActiveCfg = AppStore|iPhone
		{1C38C999-9A93-48C7-84F2-48F6EFEE84AF}.AppStore|ARM.ActiveCfg = AppStore|iPhone
		{1C38C999-9A93-48C7-84F2-48F6EFEE84AF}.AppStore|iPhone.ActiveCfg = AppStore|iPhone
		{1C38C999-9A93-48C7-84F2-48F6EFEE84AF}.AppStore|iPhone.Build.0 = AppStore|iPhone
		{1C38C999-9A93-48C7-84F2-48F6EFEE84AF}.AppStore|iPhoneSimulator.ActiveCfg = AppStore|iPhoneSimulator
		{1C38C999-9A93-48C7-84F2-48F6EFEE84AF}.AppStore|iPhoneSimulator.Build.0 = AppStore|iPhoneSimulator
		{1C38C999-9A93-48C7-84F2-48F6EFEE84AF}.AppStore|x64.ActiveCfg = AppStore|iPhone
		{1C38C999-9A93-48C7-84F2-48F6EFEE84AF}.AppStore|x86.ActiveCfg = AppStore|iPhone
		{1C38C999-9A93-48C7-84F2-48F6EFEE84AF}.Debug|Any CPU.ActiveCfg = Debug|iPhone
		{1C38C999-9A93-48C7-84F2-48F6EFEE84AF}.Debug|ARM.ActiveCfg = Debug|iPhone
		{1C38C999-9A93-48C7-84F2-48F6EFEE84AF}.Debug|iPhone.ActiveCfg = Debug|iPhone
		{1C38C999-9A93-48C7-84F2-48F6EFEE84AF}.Debug|iPhone.Build.0 = Debug|iPhone
		{1C38C999-9A93-48C7-84F2-48F6EFEE84AF}.Debug|iPhoneSimulator.ActiveCfg = Debug|iPhoneSimulator
		{1C38C999-9A93-48C7-84F2-48F6EFEE84AF}.Debug|iPhoneSimulator.Build.0 = Debug|iPhoneSimulator
		{1C38C999-9A93-48C7-84F2-48F6EFEE84AF}.Debug|x64.ActiveCfg = Debug|iPhone
		{1C38C999-9A93-48C7-84F2-48F6EFEE84AF}.Debug|x86.ActiveCfg = Debug|iPhone
		{1C38C999-9A93-48C7-84F2-48F6EFEE84AF}.Release|Any CPU.ActiveCfg = Release|iPhone
		{1C38C999-9A93-48C7-84F2-48F6EFEE84AF}.Release|ARM.ActiveCfg = Release|iPhone
		{1C38C999-9A93-48C7-84F2-48F6EFEE84AF}.Release|iPhone.ActiveCfg = Release|iPhone
		{1C38C999-9A93-48C7-84F2-48F6EFEE84AF}.Release|iPhone.Build.0 = Release|iPhone
		{1C38C999-9A93-48C7-84F2-48F6EFEE84AF}.Release|iPhoneSimulator.ActiveCfg = Release|iPhoneSimulator
		{1C38C999-9A93-48C7-84F2-48F6EFEE84AF}.Release|iPhoneSimulator.Build.0 = Release|iPhoneSimulator
		{1C38C999-9A93-48C7-84F2-48F6EFEE84AF}.Release|x64.ActiveCfg = Release|iPhone
		{1C38C999-9A93-48C7-84F2-48F6EFEE84AF}.Release|x86.ActiveCfg = Release|iPhone
	EndGlobalSection
	GlobalSection(SolutionProperties) = preSolution
		HideSolutionNode = FALSE
	EndGlobalSection
	GlobalSection(NestedProjects) = preSolution
		{5DF04304-964D-4ED9-A3D3-7B3212F8F9F1} = {C55156C6-DC1E-4F35-B4AE-998DED14EBAB}
		{7A7137D2-8378-4585-B0C0-776B0921AB5C} = {C55156C6-DC1E-4F35-B4AE-998DED14EBAB}
		{6EE451B8-C5F8-4FC7-84DB-60DB2D12116E} = {C55156C6-DC1E-4F35-B4AE-998DED14EBAB}
		{80CEA33C-899D-43AE-80A9-C7251AD39718} = {FD1A814D-D300-4580-93E3-E7DA4BDDAC4A}
		{F4DB15B4-091C-437E-80A0-20F179191DB6} = {FD1A814D-D300-4580-93E3-E7DA4BDDAC4A}
		{1C38C999-9A93-48C7-84F2-48F6EFEE84AF} = {FD1A814D-D300-4580-93E3-E7DA4BDDAC4A}
	EndGlobalSection
EndGlobal
